
Microsoft Visual Studio Solution File, Format Version 12.00
# Visual Studio 15
VisualStudioVersion = 15.0.26730.16
MinimumVisualStudioVersion = 10.0.40219.1
Project("{FAE04EC0-301F-11D3-BF4B-00C04F79EFBC}") = "CpuMemStresser", "MemoryFiller\CpuMemStresser.csproj", "{D95CF444-FAD8-439B-B06D-B575BACCA056}"
EndProject
Project("{FAE04EC0-301F-11D3-BF4B-00C04F79EFBC}") = "CpuMemStresser.Tests", "MemoryFiller.Tests\CpuMemStresser.Tests.csproj", "{32DDBEE9-4310-4803-855C-24F5A988CA77}"
EndProject
Global
	GlobalSection(SolutionConfigurationPlatforms) = preSolution
		Debug|Any CPU = Debug|Any CPU
		Release|Any CPU = Release|Any CPU
	EndGlobalSection
	GlobalSection(ProjectConfigurationPlatforms) = postSolution
		{D95CF444-FAD8-439B-B06D-B575BACCA056}.Debug|Any CPU.ActiveCfg = Debug|Any CPU
		{D95CF444-FAD8-439B-B06D-B575BACCA056}.Debug|Any CPU.Build.0 = Debug|Any CPU
		{D95CF444-FAD8-439B-B06D-B575BACCA056}.Release|Any CPU.ActiveCfg = Release|Any CPU
		{D95CF444-FAD8-439B-B06D-B575BACCA056}.Release|Any CPU.Build.0 = Release|Any CPU
		{32DDBEE9-4310-4803-855C-24F5A988CA77}.Debug|Any CPU.ActiveCfg = Debug|Any CPU
		{32DDBEE9-4310-4803-855C-24F5A988CA77}.Debug|Any CPU.Build.0 = Debug|Any CPU
		{32DDBEE9-4310-4803-855C-24F5A988CA77}.Release|Any CPU.ActiveCfg = Release|Any CPU
		{32DDBEE9-4310-4803-855C-24F5A988CA77}.Release|Any CPU.Build.0 = Release|Any CPU
	EndGlobalSection
	GlobalSection(SolutionProperties) = preSolution
		HideSolutionNode = FALSE
	EndGlobalSection
	GlobalSection(ExtensibilityGlobals) = postSolution
		SolutionGuid = {8C996718-B616-40E6-B972-F3C20F91EBB1}
	EndGlobalSection
EndGlobal
